
Microsoft Visual Studio Solution File, Format Version 12.00
# Visual Studio Express 2013 for Windows Desktop
VisualStudioVersion = 12.0.21005.1
MinimumVisualStudioVersion = 10.0.40219.1
Project("{8BC9CEB8-8B4A-11D0-8D11-00A0C91BC942}") = "HelloWorld_vc12", "HelloWorld\HelloWorld_vc12.vcxproj", "{69E31D70-760A-4445-BD8D-2F8FD2C7C558}"
EndProject
Project("{8BC9CEB8-8B4A-11D0-8D11-00A0C91BC942}") = "SoftBody_vc12", "SoftBody\SoftBody_vc12.vcxproj", "{63DE8A7E-2D5E-4FD5-8935-DF3210A92171}"
EndProject
Project("{8BC9CEB8-8B4A-11D0-8D11-00A0C91BC942}") = "RaycastTank_vc12", "RaycastTank\RaycastTank_vc12.vcxproj", "{FB72683C-70C2-478B-A4AE-AC3CAF223E5D}"
EndProject
Project("{8BC9CEB8-8B4A-11D0-8D11-00A0C91BC942}") = "LoadScene_vc12", "LoadScene\LoadScene_vc12.vcxproj", "{EA5DAAB1-BEE9-41CC-9129-16AAD08AC09C}"
EndProject
Project("{8BC9CEB8-8B4A-11D0-8D11-00A0C91BC942}") = "LiquidBody_vc12", "LiquidBody\LiquidBody_vc12.vcxproj", "{95A865A5-6237-462B-8092-3A304FF53561}"
EndProject
Project("{8BC9CEB8-8B4A-11D0-8D11-00A0C91BC942}") = "Collision_vc12", "Collision\Collision_vc12.vcxproj", "{39AD9668-C47A-4535-A64C-8FF440275039}"
EndProject
Project("{8BC9CEB8-8B4A-11D0-8D11-00A0C91BC942}") = "Character_vc12", "Character\Character_vc12.vcxproj", "{84574610-E9A5-4735-AF66-E54211C51D41}"
EndProject
Project("{8BC9CEB8-8B4A-11D0-8D11-00A0C91BC942}") = "Affectors_vc12", "Affectors\Affectors_vc12.vcxproj", "{6DF0FCD5-DEBA-43E2-85E1-D44A4961B55F}"
EndProject
Global
	GlobalSection(SolutionConfigurationPlatforms) = preSolution
		Debug|Win32 = Debug|Win32
		Release|Win32 = Release|Win32
	EndGlobalSection
	GlobalSection(ProjectConfigurationPlatforms) = postSolution
		{69E31D70-760A-4445-BD8D-2F8FD2C7C558}.Debug|Win32.ActiveCfg = Debug|Win32
		{69E31D70-760A-4445-BD8D-2F8FD2C7C558}.Debug|Win32.Build.0 = Debug|Win32
		{69E31D70-760A-4445-BD8D-2F8FD2C7C558}.Release|Win32.ActiveCfg = Release|Win32
		{69E31D70-760A-4445-BD8D-2F8FD2C7C558}.Release|Win32.Build.0 = Release|Win32
		{63DE8A7E-2D5E-4FD5-8935-DF3210A92171}.Debug|Win32.ActiveCfg = Debug|Win32
		{63DE8A7E-2D5E-4FD5-8935-DF3210A92171}.Debug|Win32.Build.0 = Debug|Win32
		{63DE8A7E-2D5E-4FD5-8935-DF3210A92171}.Release|Win32.ActiveCfg = Release|Win32
		{63DE8A7E-2D5E-4FD5-8935-DF3210A92171}.Release|Win32.Build.0 = Release|Win32
		{FB72683C-70C2-478B-A4AE-AC3CAF223E5D}.Debug|Win32.ActiveCfg = Debug|Win32
		{FB72683C-70C2-478B-A4AE-AC3CAF223E5D}.Debug|Win32.Build.0 = Debug|Win32
		{FB72683C-70C2-478B-A4AE-AC3CAF223E5D}.Release|Win32.ActiveCfg = Release|Win32
		{FB72683C-70C2-478B-A4AE-AC3CAF223E5D}.Release|Win32.Build.0 = Release|Win32
		{EA5DAAB1-BEE9-41CC-9129-16AAD08AC09C}.Debug|Win32.ActiveCfg = Debug|Win32
		{EA5DAAB1-BEE9-41CC-9129-16AAD08AC09C}.Debug|Win32.Build.0 = Debug|Win32
		{EA5DAAB1-BEE9-41CC-9129-16AAD08AC09C}.Release|Win32.ActiveCfg = Release|Win32
		{EA5DAAB1-BEE9-41CC-9129-16AAD08AC09C}.Release|Win32.Build.0 = Release|Win32
		{95A865A5-6237-462B-8092-3A304FF53561}.Debug|Win32.ActiveCfg = Debug|Win32
		{95A865A5-6237-462B-8092-3A304FF53561}.Debug|Win32.Build.0 = Debug|Win32
		{95A865A5-6237-462B-8092-3A304FF53561}.Release|Win32.ActiveCfg = Release|Win32
		{95A865A5-6237-462B-8092-3A304FF53561}.Release|Win32.Build.0 = Release|Win32
		{39AD9668-C47A-4535-A64C-8FF440275039}.Debug|Win32.ActiveCfg = Debug|Win32
		{39AD9668-C47A-4535-A64C-8FF440275039}.Debug|Win32.Build.0 = Debug|Win32
		{39AD9668-C47A-4535-A64C-8FF440275039}.Release|Win32.ActiveCfg = Release|Win32
		{39AD9668-C47A-4535-A64C-8FF440275039}.Release|Win32.Build.0 = Release|Win32
		{84574610-E9A5-4735-AF66-E54211C51D41}.Debug|Win32.ActiveCfg = Debug|Win32
		{84574610-E9A5-4735-AF66-E54211C51D41}.Debug|Win32.Build.0 = Debug|Win32
		{84574610-E9A5-4735-AF66-E54211C51D41}.Release|Win32.ActiveCfg = Release|Win32
		{84574610-E9A5-4735-AF66-E54211C51D41}.Release|Win32.Build.0 = Release|Win32
		{6DF0FCD5-DEBA-43E2-85E1-D44A4961B55F}.Debug|Win32.ActiveCfg = Debug|Win32
		{6DF0FCD5-DEBA-43E2-85E1-D44A4961B55F}.Debug|Win32.Build.0 = Debug|Win32
		{6DF0FCD5-DEBA-43E2-85E1-D44A4961B55F}.Release|Win32.ActiveCfg = Release|Win32
		{6DF0FCD5-DEBA-43E2-85E1-D44A4961B55F}.Release|Win32.Build.0 = Release|Win32
	EndGlobalSection
	GlobalSection(SolutionProperties) = preSolution
		HideSolutionNode = FALSE
	EndGlobalSection
EndGlobal
