<?xml version="1.0" encoding="UTF-8" standalone="yes" ?>
<CodeBlocks_project_file>
	<FileVersion major="1" minor="6" />
	<Project>
		<Option title="RaycastTank" />
		<Option pch_mode="2" />
		<Option compiler="gcc" />
		<Build>
			<Target title="Debug Win32">
				<Option output="../../bin/Win32-gcc/RaycastTank" prefix_auto="1" extension_auto="1" />
				<Option object_output=".obj" />
				<Option type="0" />
				<Option compiler="gcc" />
				<Compiler>
					<Add directory="../../include" />
					<Add directory="../../include/" />
					<Add directory="$(IRRLICHT_ROOT)/include" />
					<Add directory="$(BULLET_ROOT)/src" />
				</Compiler>
				<Linker>
					<Add library="libirrBullet.a" />
					<Add library="libBulletSoftBody.a" />
					<Add library="libBulletDynamics.a" />
					<Add library="libBulletCollision.a" />
					<Add library="libLinearMath.a" />
					<Add library="libConvexDecomposition.a" />
					<Add library="libIrrlicht.a" />
					<Add directory="../../lib/Win32-visualstudio" />
					<Add directory="../../lib/Win32-gcc" />
					<Add directory="$(BULLET_ROOT)/lib" />
					<Add directory="$(IRRLICHT_ROOT)/lib/Win32-gcc/" />
				</Linker>
			</Target>
			<Target title="Release Win32">
				<Option output="../../bin/Win32-gcc/RaycastTank" prefix_auto="1" extension_auto="1" />
				<Option object_output=".obj" />
				<Option type="0" />
				<Option compiler="gcc" />
				<Compiler>
					<Add directory="../../include/" />
					<Add directory="$(IRRLICHT_ROOT)/include" />
					<Add directory="$(BULLET_ROOT)/src" />
				</Compiler>
				<Linker>
					<Add library="libirrBullet.a" />
					<Add library="libBulletSoftBody.a" />
					<Add library="libBulletDynamics.a" />
					<Add library="libBulletCollision.a" />
					<Add library="libLinearMath.a" />
					<Add library="libConvexDecomposition.a" />
					<Add library="libIrrlicht.a" />
					<Add directory="../../lib/Win32-gcc" />
					<Add directory="$(BULLET_ROOT)/lib" />
					<Add directory="$(IRRLICHT_ROOT)/lib/Win32-gcc/" />
				</Linker>
			</Target>
		</Build>
		<Linker>
			<Add library="libirrBullet.a" />
			<Add library="libBulletSoftBody.a" />
			<Add library="libBulletDynamics.a" />
			<Add library="libBulletCollision.a" />
			<Add library="libLinearMath.a" />
			<Add library="libConvexDecomposition.a" />
			<Add library="libIrrlicht.a" />
		</Linker>
		<Unit filename="../framework/exampleframework.cpp" />
		<Unit filename="main.cpp" />
		<Unit filename="raycasttankexample.cpp" />
		<Unit filename="raycasttankexample.h" />
		<Extensions>
			<code_completion />
			<envvars />
			<debugger />
		</Extensions>
	</Project>
</CodeBlocks_project_file>
