<?xml version="1.0" encoding="utf-8"?>
<Project ToolsVersion="4.0" xmlns="http://schemas.microsoft.com/developer/msbuild/2003">
  <ItemGroup>
    <Filter Include="include">
      <UniqueIdentifier>{65f7f51f-e88b-4996-80d3-0e520dd113da}</UniqueIdentifier>
    </Filter>
    <Filter Include="irrBullet">
      <UniqueIdentifier>{067a2005-9059-483b-bbb6-e58df357225d}</UniqueIdentifier>
    </Filter>
  </ItemGroup>
  <ItemGroup>
    <ClInclude Include="..\include\irrBullet.h">
      <Filter>include</Filter>
    </ClInclude>
    <ClInclude Include="..\include\irrBulletBoxShape.h">
      <Filter>include</Filter>
    </ClInclude>
    <ClInclude Include="..\include\irrBulletBvhTriangleMeshShape.h">
      <Filter>include</Filter>
    </ClInclude>
    <ClInclude Include="..\include\irrBulletCollisionCallBackInformation.h">
      <Filter>include</Filter>
    </ClInclude>
    <ClInclude Include="..\include\irrBulletCollisionObject.h">
      <Filter>include</Filter>
    </ClInclude>
    <ClInclude Include="..\include\irrBulletCollisionObjectAffector.h">
      <Filter>include</Filter>
    </ClInclude>
    <ClInclude Include="..\include\irrBulletCollisionObjectAffectorAttract.h">
      <Filter>include</Filter>
    </ClInclude>
    <ClInclude Include="..\include\irrBulletCollisionObjectAffectorDelete.h">
      <Filter>include</Filter>
    </ClInclude>
    <ClInclude Include="..\include\irrBulletCollisionShape.h">
      <Filter>include</Filter>
    </ClInclude>
    <ClInclude Include="..\include\irrBulletCommon.h">
      <Filter>include</Filter>
    </ClInclude>
    <ClInclude Include="..\include\irrBulletCompileConfig.h">
      <Filter>include</Filter>
    </ClInclude>
    <ClInclude Include="..\include\irrBulletConvexHullShape.h">
      <Filter>include</Filter>
    </ClInclude>
    <ClInclude Include="..\include\irrBulletGImpactMeshShape.h">
      <Filter>include</Filter>
    </ClInclude>
    <ClInclude Include="..\include\irrBulletKinematicCharacterController.h">
      <Filter>include</Filter>
    </ClInclude>
    <ClInclude Include="..\include\irrBulletLiquidBody.h">
      <Filter>include</Filter>
    </ClInclude>
    <ClInclude Include="..\include\irrBulletMotionState.h">
      <Filter>include</Filter>
    </ClInclude>
    <ClInclude Include="..\include\irrBulletPhysicsDebug.h">
      <Filter>include</Filter>
    </ClInclude>
    <ClInclude Include="..\include\irrBulletRayCastVehicle.h">
      <Filter>include</Filter>
    </ClInclude>
    <ClInclude Include="..\include\irrBulletRigidBody.h">
      <Filter>include</Filter>
    </ClInclude>
    <ClInclude Include="..\include\irrBulletSoftBody.h">
      <Filter>include</Filter>
    </ClInclude>
    <ClInclude Include="..\include\irrBulletSphereShape.h">
      <Filter>include</Filter>
    </ClInclude>
    <ClInclude Include="..\include\irrBulletTriangleMeshShape.h">
      <Filter>include</Filter>
    </ClInclude>
    <ClInclude Include="..\include\irrBulletWorld.h">
      <Filter>include</Filter>
    </ClInclude>
    <ClInclude Include="..\include\irrBulletCylinderShape.h">
      <Filter>include</Filter>
    </ClInclude>
    <ClInclude Include="..\include\irrBulletCapsuleShape.h">
      <Filter>include</Filter>
    </ClInclude>
  </ItemGroup>
  <ItemGroup>
    <ClCompile Include="irrBullet.cpp">
      <Filter>irrBullet</Filter>
    </ClCompile>
    <ClCompile Include="irrBulletBoxShape.cpp">
      <Filter>irrBullet</Filter>
    </ClCompile>
    <ClCompile Include="irrBulletBvhTriangleMeshShape.cpp">
      <Filter>irrBullet</Filter>
    </ClCompile>
    <ClCompile Include="irrBulletCollisionCallBackInformation.cpp">
      <Filter>irrBullet</Filter>
    </ClCompile>
    <ClCompile Include="irrBulletCollisionObject.cpp">
      <Filter>irrBullet</Filter>
    </ClCompile>
    <ClCompile Include="irrBulletCollisionObjectAffector.cpp">
      <Filter>irrBullet</Filter>
    </ClCompile>
    <ClCompile Include="irrBulletCollisionObjectAffectorAttract.cpp">
      <Filter>irrBullet</Filter>
    </ClCompile>
    <ClCompile Include="irrBulletCollisionObjectAffectorDelete.cpp">
      <Filter>irrBullet</Filter>
    </ClCompile>
    <ClCompile Include="irrBulletCollisionShape.cpp">
      <Filter>irrBullet</Filter>
    </ClCompile>
    <ClCompile Include="irrBulletCommon.cpp">
      <Filter>irrBullet</Filter>
    </ClCompile>
    <ClCompile Include="irrBulletConvexHullShape.cpp">
      <Filter>irrBullet</Filter>
    </ClCompile>
    <ClCompile Include="irrBulletGImpactMeshShape.cpp">
      <Filter>irrBullet</Filter>
    </ClCompile>
    <ClCompile Include="irrBulletKinematicCharacterController.cpp">
      <Filter>irrBullet</Filter>
    </ClCompile>
    <ClCompile Include="irrBulletLiquidBody.cpp">
      <Filter>irrBullet</Filter>
    </ClCompile>
    <ClCompile Include="irrBulletMotionState.cpp">
      <Filter>irrBullet</Filter>
    </ClCompile>
    <ClCompile Include="irrBulletPhysicsDebug.cpp">
      <Filter>irrBullet</Filter>
    </ClCompile>
    <ClCompile Include="irrBulletRayCastVehicle.cpp">
      <Filter>irrBullet</Filter>
    </ClCompile>
    <ClCompile Include="irrBulletRigidBody.cpp">
      <Filter>irrBullet</Filter>
    </ClCompile>
    <ClCompile Include="irrBulletSoftBody.cpp">
      <Filter>irrBullet</Filter>
    </ClCompile>
    <ClCompile Include="irrBulletSphereShape.cpp">
      <Filter>irrBullet</Filter>
    </ClCompile>
    <ClCompile Include="irrBulletTriangleMeshShape.cpp">
      <Filter>irrBullet</Filter>
    </ClCompile>
    <ClCompile Include="irrBulletWorld.cpp">
      <Filter>irrBullet</Filter>
    </ClCompile>
    <ClCompile Include="irrBulletCylinderShape.cpp">
      <Filter>irrBullet</Filter>
    </ClCompile>
    <ClCompile Include="irrBulletCapsuleShape.cpp">
      <Filter>irrBullet</Filter>
    </ClCompile>
  </ItemGroup>
</Project>